
Microsoft Visual Studio Solution File, Format Version 12.00
# Visual Studio Version 17
VisualStudioVersion = 17.8.34525.116
MinimumVisualStudioVersion = 10.0.40219.1
Project("{FAE04EC0-301F-11D3-BF4B-00C04F79EFBC}") = "w001Sample", "w001Sample\w001Sample.csproj", "{2DE039CD-202D-44FC-B8A5-589B828DF55F}"
EndProject
Global
	GlobalSection(SolutionConfigurationPlatforms) = preSolution
		Debug|Any CPU = Debug|Any CPU
		Release|Any CPU = Release|Any CPU
	EndGlobalSection
	GlobalSection(ProjectConfigurationPlatforms) = postSolution
		{2DE039CD-202D-44FC-B8A5-589B828DF55F}.Debug|Any CPU.ActiveCfg = Debug|Any CPU
		{2DE039CD-202D-44FC-B8A5-589B828DF55F}.Debug|Any CPU.Build.0 = Debug|Any CPU
		{2DE039CD-202D-44FC-B8A5-589B828DF55F}.Release|Any CPU.ActiveCfg = Release|Any CPU
		{2DE039CD-202D-44FC-B8A5-589B828DF55F}.Release|Any CPU.Build.0 = Release|Any CPU
	EndGlobalSection
	GlobalSection(SolutionProperties) = preSolution
		HideSolutionNode = FALSE
	EndGlobalSection
	GlobalSection(ExtensibilityGlobals) = postSolution
		SolutionGuid = {24532E79-C564-456F-9039-68800A5B0DBF}
	EndGlobalSection
EndGlobal
